
Microsoft Visual Studio Solution File, Format Version 12.00
# Visual Studio Version 16
VisualStudioVersion = 16.0.30907.101
MinimumVisualStudioVersion = 10.0.40219.1
Project("{FAE04EC0-301F-11D3-BF4B-00C04F79EFBC}") = "arduinoGui", "arduinoGui\arduinoGui.csproj", "{A8B130F9-9E24-4D42-8B2F-B441CA848AB9}"
EndProject
Global
	GlobalSection(SolutionConfigurationPlatforms) = preSolution
		Debug|Any CPU = Debug|Any CPU
		Release|Any CPU = Release|Any CPU
	EndGlobalSection
	GlobalSection(ProjectConfigurationPlatforms) = postSolution
		{A8B130F9-9E24-4D42-8B2F-B441CA848AB9}.Debug|Any CPU.ActiveCfg = Debug|Any CPU
		{A8B130F9-9E24-4D42-8B2F-B441CA848AB9}.Debug|Any CPU.Build.0 = Debug|Any CPU
		{A8B130F9-9E24-4D42-8B2F-B441CA848AB9}.Release|Any CPU.ActiveCfg = Release|Any CPU
		{A8B130F9-9E24-4D42-8B2F-B441CA848AB9}.Release|Any CPU.Build.0 = Release|Any CPU
	EndGlobalSection
	GlobalSection(SolutionProperties) = preSolution
		HideSolutionNode = FALSE
	EndGlobalSection
	GlobalSection(ExtensibilityGlobals) = postSolution
		SolutionGuid = {5FA778CA-CE39-4D44-B604-7E46B1CBAC27}
	EndGlobalSection
EndGlobal
